
Microsoft Visual Studio Solution File, Format Version 12.00
# Visual Studio 15
VisualStudioVersion = 15.0.27130.2020
MinimumVisualStudioVersion = 10.0.40219.1
Project("{FAE04EC0-301F-11D3-BF4B-00C04F79EFBC}") = "Identity", "Identity\Identity.csproj", "{F6A92D9F-DEF2-43B2-82B7-6F4691FF40FB}"
EndProject
Global
	GlobalSection(SolutionConfigurationPlatforms) = preSolution
		Debug|Any CPU = Debug|Any CPU
		Release|Any CPU = Release|Any CPU
	EndGlobalSection
	GlobalSection(ProjectConfigurationPlatforms) = postSolution
		{F6A92D9F-DEF2-43B2-82B7-6F4691FF40FB}.Debug|Any CPU.ActiveCfg = Debug|Any CPU
		{F6A92D9F-DEF2-43B2-82B7-6F4691FF40FB}.Debug|Any CPU.Build.0 = Debug|Any CPU
		{F6A92D9F-DEF2-43B2-82B7-6F4691FF40FB}.Release|Any CPU.ActiveCfg = Release|Any CPU
		{F6A92D9F-DEF2-43B2-82B7-6F4691FF40FB}.Release|Any CPU.Build.0 = Release|Any CPU
	EndGlobalSection
	GlobalSection(SolutionProperties) = preSolution
		HideSolutionNode = FALSE
	EndGlobalSection
	GlobalSection(ExtensibilityGlobals) = postSolution
		SolutionGuid = {8B635136-4F31-4283-B863-F1F76DA4CA5E}
	EndGlobalSection
EndGlobal
